
Microsoft Visual Studio Solution File, Format Version 12.00
Project("{FAE04EC0-301F-11D3-BF4B-00C04F79EFBC}") = "GoldenCudgel", "GoldenCudgel\GoldenCudgel.csproj", "{96832A1D-6393-407B-BBBF-7832EED53327}"
EndProject
Global
	GlobalSection(SolutionConfigurationPlatforms) = preSolution
		Debug|Any CPU = Debug|Any CPU
		Release|Any CPU = Release|Any CPU
	EndGlobalSection
	GlobalSection(ProjectConfigurationPlatforms) = postSolution
		{96832A1D-6393-407B-BBBF-7832EED53327}.Debug|Any CPU.ActiveCfg = Debug|Any CPU
		{96832A1D-6393-407B-BBBF-7832EED53327}.Debug|Any CPU.Build.0 = Debug|Any CPU
		{96832A1D-6393-407B-BBBF-7832EED53327}.Release|Any CPU.ActiveCfg = Release|Any CPU
		{96832A1D-6393-407B-BBBF-7832EED53327}.Release|Any CPU.Build.0 = Release|Any CPU
		{2F3AC9CF-5109-490F-9AB8-448FF6F5851B}.Debug|Any CPU.ActiveCfg = Debug|Any CPU
		{2F3AC9CF-5109-490F-9AB8-448FF6F5851B}.Debug|Any CPU.Build.0 = Debug|Any CPU
		{2F3AC9CF-5109-490F-9AB8-448FF6F5851B}.Release|Any CPU.ActiveCfg = Release|Any CPU
		{2F3AC9CF-5109-490F-9AB8-448FF6F5851B}.Release|Any CPU.Build.0 = Release|Any CPU
	EndGlobalSection
EndGlobal
